
Microsoft Visual Studio Solution File, Format Version 12.00
# Visual Studio Version 17
VisualStudioVersion = 17.3.32825.248
MinimumVisualStudioVersion = 10.0.40219.1
Project("{FAE04EC0-301F-11D3-BF4B-00C04F79EFBC}") = "Xarajat.Bot", "Xarajat.Bot\Xarajat.Bot.csproj", "{0E6E4BE1-96F6-4CC9-A67F-C31A7D175BFD}"
EndProject
Project("{FAE04EC0-301F-11D3-BF4B-00C04F79EFBC}") = "Xarajat.Data", "Xarajat.Data\Xarajat.Data.csproj", "{839D842B-FD44-4957-8E30-60C4BB9D98D8}"
EndProject
Global
	GlobalSection(SolutionConfigurationPlatforms) = preSolution
		Debug|Any CPU = Debug|Any CPU
		Release|Any CPU = Release|Any CPU
	EndGlobalSection
	GlobalSection(ProjectConfigurationPlatforms) = postSolution
		{0E6E4BE1-96F6-4CC9-A67F-C31A7D175BFD}.Debug|Any CPU.ActiveCfg = Debug|Any CPU
		{0E6E4BE1-96F6-4CC9-A67F-C31A7D175BFD}.Debug|Any CPU.Build.0 = Debug|Any CPU
		{0E6E4BE1-96F6-4CC9-A67F-C31A7D175BFD}.Release|Any CPU.ActiveCfg = Release|Any CPU
		{0E6E4BE1-96F6-4CC9-A67F-C31A7D175BFD}.Release|Any CPU.Build.0 = Release|Any CPU
		{839D842B-FD44-4957-8E30-60C4BB9D98D8}.Debug|Any CPU.ActiveCfg = Debug|Any CPU
		{839D842B-FD44-4957-8E30-60C4BB9D98D8}.Debug|Any CPU.Build.0 = Debug|Any CPU
		{839D842B-FD44-4957-8E30-60C4BB9D98D8}.Release|Any CPU.ActiveCfg = Release|Any CPU
		{839D842B-FD44-4957-8E30-60C4BB9D98D8}.Release|Any CPU.Build.0 = Release|Any CPU
	EndGlobalSection
	GlobalSection(SolutionProperties) = preSolution
		HideSolutionNode = FALSE
	EndGlobalSection
	GlobalSection(ExtensibilityGlobals) = postSolution
		SolutionGuid = {6F33B22C-E632-4177-9573-86B2D23BCF4B}
	EndGlobalSection
EndGlobal
